// !$*UTF8*$!
{
	archiveVersion = 1;
	classes = {
	};
	objectVersion = 77;
	objects = {

/* Begin PBXBuildFile section */
		038DE489A33A87A9388D8BED /* AppTab.swift in Sources */ = {isa = PBXBuildFile; fileRef = 67AD387CDAA06895848DB8C9 /* AppTab.swift */; };
		06DCA3072269B41427CB04C6 /* AppEnvironment.swift in Sources */ = {isa = PBXBuildFile; fileRef = DD9B0310F7E03E5D84D3277D /* AppEnvironment.swift */; };
		0701F106747F48961D821707 /* aevora-v1-asset-slot-families.seed.json in Resources */ = {isa = PBXBuildFile; fileRef = DEF98F137278FBBDAC1B08C0 /* aevora-v1-asset-slot-families.seed.json */; };
		07BD3077D7F3E7B37F935E66 /* AssetRenderableViewTests.swift in Sources */ = {isa = PBXBuildFile; fileRef = 2CB67D34C6F7736A51F1B2EA /* AssetRenderableViewTests.swift */; };
		07F8EB1A34E138D7A185087C /* OnboardingRootView.swift in Sources */ = {isa = PBXBuildFile; fileRef = 35FF2BE9CB3B7EACD0EF6680 /* OnboardingRootView.swift */; };
		0A22D8C5739AEF63A13FE81A /* DebugTests.swift in Sources */ = {isa = PBXBuildFile; fileRef = AE1BBCB130166A666375F90E /* DebugTests.swift */; };
		0AB8DFC6E92761C80C297EEF /* APIRequest.swift in Sources */ = {isa = PBXBuildFile; fileRef = 0E30F1D482AFA118D9BB625E /* APIRequest.swift */; };
		0F991EF0F832BCCD4DC8EF09 /* remote-config-defaults.json in Resources */ = {isa = PBXBuildFile; fileRef = 28563D8BEA3C1B0ADE99BA83 /* remote-config-defaults.json */; };
		108C7F7F819D7CE9A05893F8 /* AppIntentRouter.swift in Sources */ = {isa = PBXBuildFile; fileRef = 8958F1971ECAB39AA5B9F865 /* AppIntentRouter.swift */; };
		13831DF462E7CCE222729A2A /* LocalSeedLoader.swift in Sources */ = {isa = PBXBuildFile; fileRef = 01996036331957444BB6A1A3 /* LocalSeedLoader.swift */; };
		14D0C0761986804E67F1E25F /* CrashReporter.swift in Sources */ = {isa = PBXBuildFile; fileRef = A5BC70ABB8EB853BD144116F /* CrashReporter.swift */; };
		1708ECEB46014EC7DE24B3FB /* StructuredLogger.swift in Sources */ = {isa = PBXBuildFile; fileRef = 611C61E3547306E4AEC9F2C8 /* StructuredLogger.swift */; };
		19B78B20C6C18B988CE82A5E /* RootTabView.swift in Sources */ = {isa = PBXBuildFile; fileRef = 01DFCCE96778B9D952CA0BC8 /* RootTabView.swift */; };
		1BF426C29DEFD8EDDEA6E346 /* AppNavigationTests.swift in Sources */ = {isa = PBXBuildFile; fileRef = 5BBBE7F262EE25FFEA693997 /* AppNavigationTests.swift */; };
		1F78488C846C288AC2C58DF4 /* ObservabilityTests.swift in Sources */ = {isa = PBXBuildFile; fileRef = 9B2B9505E95645DFF7864208 /* ObservabilityTests.swift */; };
		2B83F838615FC6EF600F594D /* OfflineBannerView.swift in Sources */ = {isa = PBXBuildFile; fileRef = 722D6B919EE975BA883CA970 /* OfflineBannerView.swift */; };
		2D76D8651902E3956E3BBC13 /* SyncConflictView.swift in Sources */ = {isa = PBXBuildFile; fileRef = B9DA1B47F0B6538B63F65A0F /* SyncConflictView.swift */; };
		2F135CBB2944BA368534C385 /* RedactionPolicy.swift in Sources */ = {isa = PBXBuildFile; fileRef = B041943AB6C78A4E2A54035E /* RedactionPolicy.swift */; };
		310A32384FC0D719271FE095 /* AutomationSurfaceStore.swift in Sources */ = {isa = PBXBuildFile; fileRef = BFE4EBF3C5DE381C008E981F /* AutomationSurfaceStore.swift */; };
		341E496A2C390E409DBCFC7D /* RewardModalView.swift in Sources */ = {isa = PBXBuildFile; fileRef = FA2BE78869ACBF60C3855BC7 /* RewardModalView.swift */; };
		349B039B9324A0B9899F81FB /* AevoraTokens.swift in Sources */ = {isa = PBXBuildFile; fileRef = 022AE6A0DE7CC3D5FBE56D92 /* AevoraTokens.swift */; };
		359331067289762811AD63CB /* AnalyticsEnvelope.swift in Sources */ = {isa = PBXBuildFile; fileRef = 4649A28505A2C84CA5F01397 /* AnalyticsEnvelope.swift */; };
		37E266AD290C483808DB6B7B /* NotificationPlan.swift in Sources */ = {isa = PBXBuildFile; fileRef = 744E0D056B08A33A9C443C9B /* NotificationPlan.swift */; };
		3F58D44BF7BEB588CB1EB6C4 /* FeatureFlagOverrideStore.swift in Sources */ = {isa = PBXBuildFile; fileRef = FCEF370240A0AF53072AC295 /* FeatureFlagOverrideStore.swift */; };
		431EE0BF0614836803D90F30 /* DebugMenuRootView.swift in Sources */ = {isa = PBXBuildFile; fileRef = 53567186EE6D40733FCB6406 /* DebugMenuRootView.swift */; };
		46F95E6C41F43164E1E4B7E9 /* AevoraAssetResolver.swift in Sources */ = {isa = PBXBuildFile; fileRef = 2831F4516DF46D79E115AF83 /* AevoraAssetResolver.swift */; };
		47235F6135D0C220D122A6FB /* SeedScenarioLoader.swift in Sources */ = {isa = PBXBuildFile; fileRef = 1FEEE15F5CC7BCE5FDC5C413 /* SeedScenarioLoader.swift */; };
		47E1924DF5AE287EF6A3B1EA /* APIClient.swift in Sources */ = {isa = PBXBuildFile; fileRef = 00E8D327578A57BB3A6EFE96 /* APIClient.swift */; };
		4B4BE1CB2D9DCBBC02B67B02 /* SyncStatusStore.swift in Sources */ = {isa = PBXBuildFile; fileRef = F7FF4156CED7ED88C0E66EFB /* SyncStatusStore.swift */; };
		4BF3AB8458899E4581C55868 /* NotificationManager.swift in Sources */ = {isa = PBXBuildFile; fileRef = CB34C6AE7E8F1251B4B3E4D7 /* NotificationManager.swift */; };
		4C1DE99450237E07F913496B /* core.v1.json in Resources */ = {isa = PBXBuildFile; fileRef = 1DB2A8CF9CD6588CF132E530 /* core.v1.json */; };
		4F9B2A5809158A32AD5E7A53 /* GlanceSurfaceStore.swift in Sources */ = {isa = PBXBuildFile; fileRef = FBD3BC2ACC2537DBAEC37054 /* GlanceSurfaceStore.swift */; };
		4FD5EEE78F87993A6A0053C3 /* AssetSurfaceContractTests.swift in Sources */ = {isa = PBXBuildFile; fileRef = 0CC95333D4C206D0BE793DA2 /* AssetSurfaceContractTests.swift */; };
		52746D9559A9B4DDB5AA79FF /* CopyCatalog.swift in Sources */ = {isa = PBXBuildFile; fileRef = 2AE9042C4904EEDFDD44422F /* CopyCatalog.swift */; };
		54A34AE1B69B52AF56A4F49F /* QuestJournalSheet.swift in Sources */ = {isa = PBXBuildFile; fileRef = 731B7AB4C829B4396745176E /* QuestJournalSheet.swift */; };
		559040FBFB03CDD3C99B7B7C /* SyncTests.swift in Sources */ = {isa = PBXBuildFile; fileRef = BDFAD86645BBEBB1C3B34E90 /* SyncTests.swift */; };
		57EA7CB59F06F5F07E84E894 /* RemoteConfigClient.swift in Sources */ = {isa = PBXBuildFile; fileRef = 8CD483DC1B07D28E9A230848 /* RemoteConfigClient.swift */; };
		58968B719D5E363B2AF73A3F /* LocalRepositories.swift in Sources */ = {isa = PBXBuildFile; fileRef = 8681F676DCE7FC56BCA292D5 /* LocalRepositories.swift */; };
		5D76523AD06053B12D62639D /* AppDeepLink.swift in Sources */ = {isa = PBXBuildFile; fileRef = CC6F801B267A74460754ABF4 /* AppDeepLink.swift */; };
		61DE2E10EE407ED851CA7298 /* LocalModels.swift in Sources */ = {isa = PBXBuildFile; fileRef = 1037E6462B55C88ABAAD4386 /* LocalModels.swift */; };
		64D3A8B06D764E3218F87465 /* SyncQueue.swift in Sources */ = {isa = PBXBuildFile; fileRef = A536B9B29F4057677FC7BE74 /* SyncQueue.swift */; };
		68658477D33348D3F7E0FCC0 /* ProfileRootView.swift in Sources */ = {isa = PBXBuildFile; fileRef = 9139DBC7998D7C2B2ADA6674 /* ProfileRootView.swift */; };
		6B0692FBA9F904A70A09A4AB /* AnalyticsEvent.swift in Sources */ = {isa = PBXBuildFile; fileRef = EA28F8FCC82888F92ECE85A1 /* AnalyticsEvent.swift */; };
		6ED4C13A86E2F4CA0ADC8BEB /* AevoraAssetRegistry.swift in Sources */ = {isa = PBXBuildFile; fileRef = 74B32D13574A1FB08F24C091 /* AevoraAssetRegistry.swift */; };
		6FCDA30BFB45BC5A1D47D594 /* AnalyticsMetadataProvider.swift in Sources */ = {isa = PBXBuildFile; fileRef = CC7B76DAF93C0234227562D0 /* AnalyticsMetadataProvider.swift */; };
		77B476914B33776A5DCC143A /* AssetRuntimeTests.swift in Sources */ = {isa = PBXBuildFile; fileRef = A8DFDDD385C3A2E9A2444004 /* AssetRuntimeTests.swift */; };
		7842A0C81EEF603FF97D6B47 /* AccountSurfaceStore.swift in Sources */ = {isa = PBXBuildFile; fileRef = 9D3811DE6E0B48BBD1C64E10 /* AccountSurfaceStore.swift */; };
		7890B3E035112B82D94DAF36 /* XCTestCase+AevoraAsync.swift in Sources */ = {isa = PBXBuildFile; fileRef = 5255AD94C388087BFE3CF8A9 /* XCTestCase+AevoraAsync.swift */; };
		792F86E3737683868F1FB59A /* ConnectivityMonitor.swift in Sources */ = {isa = PBXBuildFile; fileRef = 482E265A84935A597EA40A46 /* ConnectivityMonitor.swift */; };
		7BF94F5EAB58322A47F471A1 /* AevoraWidgetsBundle.swift in Sources */ = {isa = PBXBuildFile; fileRef = B171BFF37476565D05E8B160 /* AevoraWidgetsBundle.swift */; };
		7E96476041DEF9706453190D /* WorldRootView.swift in Sources */ = {isa = PBXBuildFile; fileRef = EC4EE0FBC567D366399F7A49 /* WorldRootView.swift */; };
		7ECC637C4A13AF098112FE98 /* AevoraApp.swift in Sources */ = {isa = PBXBuildFile; fileRef = 8F7301BF89211C32F083F51A /* AevoraApp.swift */; };
		81E39308007F684D11D7830D /* LaunchContent.swift in Sources */ = {isa = PBXBuildFile; fileRef = 9BC16E15DCD734BC97D617BD /* LaunchContent.swift */; };
		81F73782B691B15E6D511085 /* PersistenceTests.swift in Sources */ = {isa = PBXBuildFile; fileRef = EC60416C2D35FDBB95F30FDB /* PersistenceTests.swift */; };
		8E3AA39160A6414F342B650B /* AvatarSurfaceContractTests.swift in Sources */ = {isa = PBXBuildFile; fileRef = 45AF3F19CEB8A8FC93A93239 /* AvatarSurfaceContractTests.swift */; };
		8EDBC67E98F1445145F96CEA /* AvatarPreviewCard.swift in Sources */ = {isa = PBXBuildFile; fileRef = 58B0ABFD2B2CC3690A587794 /* AvatarPreviewCard.swift */; };
		9A040EB9493C1E43EB41C7AA /* SyncOperation.swift in Sources */ = {isa = PBXBuildFile; fileRef = 28931C3E7AB28AB38FB3C42F /* SyncOperation.swift */; };
		9B9BA7B56C5550372DE4BAE2 /* StatusTests.swift in Sources */ = {isa = PBXBuildFile; fileRef = 033728F637B098F516E2E638 /* StatusTests.swift */; };
		9C2D7C649CF44D1A8A043D4E /* LogContext.swift in Sources */ = {isa = PBXBuildFile; fileRef = 295A3462DB36D81DA899FCDB /* LogContext.swift */; };
		9F5588024006BB5FCCA4627D /* aevora-v1-design-tokens.json in Resources */ = {isa = PBXBuildFile; fileRef = 1BF448AE91926B478F5E9096 /* aevora-v1-design-tokens.json */; };
		A169B6FD4D536107BE7CC51D /* FirstPlayableStore.swift in Sources */ = {isa = PBXBuildFile; fileRef = DF8D1BEB7CCFA37ABBC93DB9 /* FirstPlayableStore.swift */; };
		A5372BAC95703EA1D3E53F3C /* AnalyticsValidator.swift in Sources */ = {isa = PBXBuildFile; fileRef = 7AA38F8F6F2A78541AD19FEF /* AnalyticsValidator.swift */; };
		A7132F98F3BD8E3CFC14A893 /* SyncCoordinator.swift in Sources */ = {isa = PBXBuildFile; fileRef = 8496287AB9754366245BA15E /* SyncCoordinator.swift */; };
		A7DBCAE005998950F532E70D /* DateFormatter+AevoraTest.swift in Sources */ = {isa = PBXBuildFile; fileRef = 57AA5CA810F8BC01D4AD26D6 /* DateFormatter+AevoraTest.swift */; };
		A8B8C4E1374728124DB29160 /* AevoraWidgets.appex in Embed Foundation Extensions */ = {isa = PBXBuildFile; fileRef = F79738607DAC95537E4B59C7 /* AevoraWidgets.appex */; settings = {ATTRIBUTES = (RemoveHeadersOnCopy, ); }; };
		ABC9587FE6F69A386D1B4B5E /* AevoraShortcuts.swift in Sources */ = {isa = PBXBuildFile; fileRef = 93C6097F315F71AEA1CCE63D /* AevoraShortcuts.swift */; };
		ABCBF9BA06ABDA6888AE2A33 /* TodayRootView.swift in Sources */ = {isa = PBXBuildFile; fileRef = 75FB9264A6932686A7E4A19D /* TodayRootView.swift */; };
		B14D6A2C129F34B301364A5A /* WorldScene.swift in Sources */ = {isa = PBXBuildFile; fileRef = 567F61F75E72B4CCED0D8187 /* WorldScene.swift */; };
		B757E5C2BCE944290314D3F9 /* RemoteConfigClientTests.swift in Sources */ = {isa = PBXBuildFile; fileRef = 0233F5EBE73734322718F8FB /* RemoteConfigClientTests.swift */; };
		B85628601B76E8D103F0703D /* PersistenceController.swift in Sources */ = {isa = PBXBuildFile; fileRef = 8E8BB5D685F303CE0E651714 /* PersistenceController.swift */; };
		B89DAD08D33BBB251522EC1F /* FeatureFlag.swift in Sources */ = {isa = PBXBuildFile; fileRef = F2A6A2372367D3EF195C3E52 /* FeatureFlag.swift */; };
		BBF2CC842BFE132D5453161D /* TypedRemoteConfig.swift in Sources */ = {isa = PBXBuildFile; fileRef = 40F201E9A338E1D51755FDC4 /* TypedRemoteConfig.swift */; };
		C22511C1930FC28071FEA728 /* APIError.swift in Sources */ = {isa = PBXBuildFile; fileRef = FD1616307E3E2F66DD37A6A3 /* APIError.swift */; };
		C4D67B06BE2E44C451BF5BB2 /* AevoraAssetRenderableView.swift in Sources */ = {isa = PBXBuildFile; fileRef = 7FF05237824BC32550455198 /* AevoraAssetRenderableView.swift */; };
		D13484C20351838AAFC9C98F /* AnalyticsClient.swift in Sources */ = {isa = PBXBuildFile; fileRef = 4EA35F180DCFE491F56B0B7B /* AnalyticsClient.swift */; };
		D23F54F8D5BB3A4AE2E773E3 /* AnalyticsTests.swift in Sources */ = {isa = PBXBuildFile; fileRef = 26D926286D24773C4EF8E27C /* AnalyticsTests.swift */; };
		D604EEA30703215246B04A4F /* HealthKitManager.swift in Sources */ = {isa = PBXBuildFile; fileRef = C3562FBAF9AE0EE508735965 /* HealthKitManager.swift */; };
		D9E65EB570B430270E70B113 /* APIClientTests.swift in Sources */ = {isa = PBXBuildFile; fileRef = D25F5725B8D24A9F5C4E0A51 /* APIClientTests.swift */; };
		DB785B2138F826B5026A3527 /* GlanceSurfaceModels.swift in Sources */ = {isa = PBXBuildFile; fileRef = 79E6EA35165C34C8005E2DF0 /* GlanceSurfaceModels.swift */; };
		DE1804FA9C825594F8D97812 /* GlanceSurfaceModels.swift in Sources */ = {isa = PBXBuildFile; fileRef = 79E6EA35165C34C8005E2DF0 /* GlanceSurfaceModels.swift */; };
		E75245ED5D57347EDF51AE04 /* AssetDebugMenuView.swift in Sources */ = {isa = PBXBuildFile; fileRef = B0B75541B3E1EEB93764E2E6 /* AssetDebugMenuView.swift */; };
		EBB0FE686E6505DCA29C9FDB /* SyncQueueInspector.swift in Sources */ = {isa = PBXBuildFile; fileRef = 92D39D0B9303EB308C3773C1 /* SyncQueueInspector.swift */; };
		EBE41ECFF8B52F59DE35EB72 /* LiveActivityCoordinator.swift in Sources */ = {isa = PBXBuildFile; fileRef = 59B17D579B5C44109024680D /* LiveActivityCoordinator.swift */; };
		EC7DDFA25AF38C49AA4808C4 /* AccountSurfaceStoreTests.swift in Sources */ = {isa = PBXBuildFile; fileRef = 2DBBBB4ED72FB8B5909E4551 /* AccountSurfaceStoreTests.swift */; };
		ED15694337653573483B4BD7 /* AevoraAssetManifest.swift in Sources */ = {isa = PBXBuildFile; fileRef = 9442BDE8A04E5B6AB94CAE2F /* AevoraAssetManifest.swift */; };
		EF561EC24F974E4E903CC61F /* AppNotificationDelegate.swift in Sources */ = {isa = PBXBuildFile; fileRef = B463D3B37B39384ED29C6FDF /* AppNotificationDelegate.swift */; };
		F0D1B308191EEA4FCEB25551 /* HearthRootView.swift in Sources */ = {isa = PBXBuildFile; fileRef = C6D459E49C35D37C9EDED109 /* HearthRootView.swift */; };
		F3996C8D56B08998FE6D6256 /* OnboardingRootViewTests.swift in Sources */ = {isa = PBXBuildFile; fileRef = D14C40448C980529B2C65397 /* OnboardingRootViewTests.swift */; };
		F4CBA2683824CE2B1D47CE93 /* FirstPlayableStoreTests.swift in Sources */ = {isa = PBXBuildFile; fileRef = A03D13B2F3733F1BD569E1C4 /* FirstPlayableStoreTests.swift */; };
		F57FE14C3EB0B5F79EDD27E1 /* aevora-v1-local-placeholder-manifest.seed.json in Resources */ = {isa = PBXBuildFile; fileRef = C1EBEDEA1F60B8C3927D664B /* aevora-v1-local-placeholder-manifest.seed.json */; };
		F968CE19C4E567E204E86291 /* launch-content.min.v1.json in Resources */ = {isa = PBXBuildFile; fileRef = 0F44E4A4CD0C0AEF24A6305A /* launch-content.min.v1.json */; };
		FB3F1C99AEE9F50481A34300 /* GlanceSurfaceModels.swift in Sources */ = {isa = PBXBuildFile; fileRef = 79E6EA35165C34C8005E2DF0 /* GlanceSurfaceModels.swift */; };
/* End PBXBuildFile section */

/* Begin PBXContainerItemProxy section */
		9BCDD2AB3A7B437E068B75A2 /* PBXContainerItemProxy */ = {
			isa = PBXContainerItemProxy;
			containerPortal = 68D64F45274B13447BD4A818 /* Project object */;
			proxyType = 1;
			remoteGlobalIDString = DE6FA7DF67B723962DF01CC5;
			remoteInfo = Aevora;
		};
		FA02322CD8E2F5360B7821B4 /* PBXContainerItemProxy */ = {
			isa = PBXContainerItemProxy;
			containerPortal = 68D64F45274B13447BD4A818 /* Project object */;
			proxyType = 1;
			remoteGlobalIDString = 21037C5810A9A10615C1FA8E;
			remoteInfo = AevoraWidgets;
		};
/* End PBXContainerItemProxy section */

/* Begin PBXCopyFilesBuildPhase section */
		E456B58D0DAD998A61A02B9B /* Embed Foundation Extensions */ = {
			isa = PBXCopyFilesBuildPhase;
			buildActionMask = 2147483647;
			dstPath = "";
			dstSubfolderSpec = 13;
			files = (
				A8B8C4E1374728124DB29160 /* AevoraWidgets.appex in Embed Foundation Extensions */,
			);
			name = "Embed Foundation Extensions";
			runOnlyForDeploymentPostprocessing = 0;
		};
/* End PBXCopyFilesBuildPhase section */

/* Begin PBXFileReference section */
		00E8D327578A57BB3A6EFE96 /* APIClient.swift */ = {isa = PBXFileReference; lastKnownFileType = sourcecode.swift; path = APIClient.swift; sourceTree = "<group>"; };
		01996036331957444BB6A1A3 /* LocalSeedLoader.swift */ = {isa = PBXFileReference; lastKnownFileType = sourcecode.swift; path = LocalSeedLoader.swift; sourceTree = "<group>"; };
		01DFCCE96778B9D952CA0BC8 /* RootTabView.swift */ = {isa = PBXFileReference; lastKnownFileType = sourcecode.swift; path = RootTabView.swift; sourceTree = "<group>"; };
		022AE6A0DE7CC3D5FBE56D92 /* AevoraTokens.swift */ = {isa = PBXFileReference; lastKnownFileType = sourcecode.swift; path = AevoraTokens.swift; sourceTree = "<group>"; };
		0233F5EBE73734322718F8FB /* RemoteConfigClientTests.swift */ = {isa = PBXFileReference; lastKnownFileType = sourcecode.swift; path = RemoteConfigClientTests.swift; sourceTree = "<group>"; };
		033728F637B098F516E2E638 /* StatusTests.swift */ = {isa = PBXFileReference; lastKnownFileType = sourcecode.swift; path = StatusTests.swift; sourceTree = "<group>"; };
		0CC95333D4C206D0BE793DA2 /* AssetSurfaceContractTests.swift */ = {isa = PBXFileReference; lastKnownFileType = sourcecode.swift; path = AssetSurfaceContractTests.swift; sourceTree = "<group>"; };
		0E30F1D482AFA118D9BB625E /* APIRequest.swift */ = {isa = PBXFileReference; lastKnownFileType = sourcecode.swift; path = APIRequest.swift; sourceTree = "<group>"; };
		0F44E4A4CD0C0AEF24A6305A /* launch-content.min.v1.json */ = {isa = PBXFileReference; lastKnownFileType = text.json; path = "launch-content.min.v1.json"; sourceTree = "<group>"; };
		1037E6462B55C88ABAAD4386 /* LocalModels.swift */ = {isa = PBXFileReference; lastKnownFileType = sourcecode.swift; path = LocalModels.swift; sourceTree = "<group>"; };
		1BF448AE91926B478F5E9096 /* aevora-v1-design-tokens.json */ = {isa = PBXFileReference; lastKnownFileType = text.json; path = "aevora-v1-design-tokens.json"; sourceTree = "<group>"; };
		1D2A20A8AE7E5F62A523418F /* Aevora.entitlements */ = {isa = PBXFileReference; lastKnownFileType = text.plist.entitlements; path = Aevora.entitlements; sourceTree = "<group>"; };
		1DB2A8CF9CD6588CF132E530 /* core.v1.json */ = {isa = PBXFileReference; lastKnownFileType = text.json; path = core.v1.json; sourceTree = "<group>"; };
		1FEEE15F5CC7BCE5FDC5C413 /* SeedScenarioLoader.swift */ = {isa = PBXFileReference; lastKnownFileType = sourcecode.swift; path = SeedScenarioLoader.swift; sourceTree = "<group>"; };
		26D926286D24773C4EF8E27C /* AnalyticsTests.swift */ = {isa = PBXFileReference; lastKnownFileType = sourcecode.swift; path = AnalyticsTests.swift; sourceTree = "<group>"; };
		2831F4516DF46D79E115AF83 /* AevoraAssetResolver.swift */ = {isa = PBXFileReference; lastKnownFileType = sourcecode.swift; path = AevoraAssetResolver.swift; sourceTree = "<group>"; };
		28563D8BEA3C1B0ADE99BA83 /* remote-config-defaults.json */ = {isa = PBXFileReference; lastKnownFileType = text.json; path = "remote-config-defaults.json"; sourceTree = "<group>"; };
		28931C3E7AB28AB38FB3C42F /* SyncOperation.swift */ = {isa = PBXFileReference; lastKnownFileType = sourcecode.swift; path = SyncOperation.swift; sourceTree = "<group>"; };
		295A3462DB36D81DA899FCDB /* LogContext.swift */ = {isa = PBXFileReference; lastKnownFileType = sourcecode.swift; path = LogContext.swift; sourceTree = "<group>"; };
		2AE9042C4904EEDFDD44422F /* CopyCatalog.swift */ = {isa = PBXFileReference; lastKnownFileType = sourcecode.swift; path = CopyCatalog.swift; sourceTree = "<group>"; };
		2C70B32E4A8F83AD1AF0C61D /* Aevora.app */ = {isa = PBXFileReference; includeInIndex = 0; lastKnownFileType = wrapper.application; path = Aevora.app; sourceTree = BUILT_PRODUCTS_DIR; };
		2CB67D34C6F7736A51F1B2EA /* AssetRenderableViewTests.swift */ = {isa = PBXFileReference; lastKnownFileType = sourcecode.swift; path = AssetRenderableViewTests.swift; sourceTree = "<group>"; };
		2DBBBB4ED72FB8B5909E4551 /* AccountSurfaceStoreTests.swift */ = {isa = PBXFileReference; lastKnownFileType = sourcecode.swift; path = AccountSurfaceStoreTests.swift; sourceTree = "<group>"; };
		35FF2BE9CB3B7EACD0EF6680 /* OnboardingRootView.swift */ = {isa = PBXFileReference; lastKnownFileType = sourcecode.swift; path = OnboardingRootView.swift; sourceTree = "<group>"; };
		40F201E9A338E1D51755FDC4 /* TypedRemoteConfig.swift */ = {isa = PBXFileReference; lastKnownFileType = sourcecode.swift; path = TypedRemoteConfig.swift; sourceTree = "<group>"; };
		45AF3F19CEB8A8FC93A93239 /* AvatarSurfaceContractTests.swift */ = {isa = PBXFileReference; lastKnownFileType = sourcecode.swift; path = AvatarSurfaceContractTests.swift; sourceTree = "<group>"; };
		4649A28505A2C84CA5F01397 /* AnalyticsEnvelope.swift */ = {isa = PBXFileReference; lastKnownFileType = sourcecode.swift; path = AnalyticsEnvelope.swift; sourceTree = "<group>"; };
		482E265A84935A597EA40A46 /* ConnectivityMonitor.swift */ = {isa = PBXFileReference; lastKnownFileType = sourcecode.swift; path = ConnectivityMonitor.swift; sourceTree = "<group>"; };
		4EA35F180DCFE491F56B0B7B /* AnalyticsClient.swift */ = {isa = PBXFileReference; lastKnownFileType = sourcecode.swift; path = AnalyticsClient.swift; sourceTree = "<group>"; };
		5255AD94C388087BFE3CF8A9 /* XCTestCase+AevoraAsync.swift */ = {isa = PBXFileReference; lastKnownFileType = sourcecode.swift; path = "XCTestCase+AevoraAsync.swift"; sourceTree = "<group>"; };
		53567186EE6D40733FCB6406 /* DebugMenuRootView.swift */ = {isa = PBXFileReference; lastKnownFileType = sourcecode.swift; path = DebugMenuRootView.swift; sourceTree = "<group>"; };
		567F61F75E72B4CCED0D8187 /* WorldScene.swift */ = {isa = PBXFileReference; lastKnownFileType = sourcecode.swift; path = WorldScene.swift; sourceTree = "<group>"; };
		57AA5CA810F8BC01D4AD26D6 /* DateFormatter+AevoraTest.swift */ = {isa = PBXFileReference; lastKnownFileType = sourcecode.swift; path = "DateFormatter+AevoraTest.swift"; sourceTree = "<group>"; };
		58B0ABFD2B2CC3690A587794 /* AvatarPreviewCard.swift */ = {isa = PBXFileReference; lastKnownFileType = sourcecode.swift; path = AvatarPreviewCard.swift; sourceTree = "<group>"; };
		59B17D579B5C44109024680D /* LiveActivityCoordinator.swift */ = {isa = PBXFileReference; lastKnownFileType = sourcecode.swift; path = LiveActivityCoordinator.swift; sourceTree = "<group>"; };
		5BBBE7F262EE25FFEA693997 /* AppNavigationTests.swift */ = {isa = PBXFileReference; lastKnownFileType = sourcecode.swift; path = AppNavigationTests.swift; sourceTree = "<group>"; };
		611C61E3547306E4AEC9F2C8 /* StructuredLogger.swift */ = {isa = PBXFileReference; lastKnownFileType = sourcecode.swift; path = StructuredLogger.swift; sourceTree = "<group>"; };
		67AD387CDAA06895848DB8C9 /* AppTab.swift */ = {isa = PBXFileReference; lastKnownFileType = sourcecode.swift; path = AppTab.swift; sourceTree = "<group>"; };
		722D6B919EE975BA883CA970 /* OfflineBannerView.swift */ = {isa = PBXFileReference; lastKnownFileType = sourcecode.swift; path = OfflineBannerView.swift; sourceTree = "<group>"; };
		731B7AB4C829B4396745176E /* QuestJournalSheet.swift */ = {isa = PBXFileReference; lastKnownFileType = sourcecode.swift; path = QuestJournalSheet.swift; sourceTree = "<group>"; };
		744E0D056B08A33A9C443C9B /* NotificationPlan.swift */ = {isa = PBXFileReference; lastKnownFileType = sourcecode.swift; path = NotificationPlan.swift; sourceTree = "<group>"; };
		74B32D13574A1FB08F24C091 /* AevoraAssetRegistry.swift */ = {isa = PBXFileReference; lastKnownFileType = sourcecode.swift; path = AevoraAssetRegistry.swift; sourceTree = "<group>"; };
		75FB9264A6932686A7E4A19D /* TodayRootView.swift */ = {isa = PBXFileReference; lastKnownFileType = sourcecode.swift; path = TodayRootView.swift; sourceTree = "<group>"; };
		79E6EA35165C34C8005E2DF0 /* GlanceSurfaceModels.swift */ = {isa = PBXFileReference; lastKnownFileType = sourcecode.swift; path = GlanceSurfaceModels.swift; sourceTree = "<group>"; };
		7AA38F8F6F2A78541AD19FEF /* AnalyticsValidator.swift */ = {isa = PBXFileReference; lastKnownFileType = sourcecode.swift; path = AnalyticsValidator.swift; sourceTree = "<group>"; };
		7FF05237824BC32550455198 /* AevoraAssetRenderableView.swift */ = {isa = PBXFileReference; lastKnownFileType = sourcecode.swift; path = AevoraAssetRenderableView.swift; sourceTree = "<group>"; };
		8496287AB9754366245BA15E /* SyncCoordinator.swift */ = {isa = PBXFileReference; lastKnownFileType = sourcecode.swift; path = SyncCoordinator.swift; sourceTree = "<group>"; };
		8681F676DCE7FC56BCA292D5 /* LocalRepositories.swift */ = {isa = PBXFileReference; lastKnownFileType = sourcecode.swift; path = LocalRepositories.swift; sourceTree = "<group>"; };
		8958F1971ECAB39AA5B9F865 /* AppIntentRouter.swift */ = {isa = PBXFileReference; lastKnownFileType = sourcecode.swift; path = AppIntentRouter.swift; sourceTree = "<group>"; };
		8CD483DC1B07D28E9A230848 /* RemoteConfigClient.swift */ = {isa = PBXFileReference; lastKnownFileType = sourcecode.swift; path = RemoteConfigClient.swift; sourceTree = "<group>"; };
		8DD74B3EEAF5C1E984B099D0 /* AevoraWidgets.entitlements */ = {isa = PBXFileReference; lastKnownFileType = text.plist.entitlements; path = AevoraWidgets.entitlements; sourceTree = "<group>"; };
		8E8BB5D685F303CE0E651714 /* PersistenceController.swift */ = {isa = PBXFileReference; lastKnownFileType = sourcecode.swift; path = PersistenceController.swift; sourceTree = "<group>"; };
		8F7301BF89211C32F083F51A /* AevoraApp.swift */ = {isa = PBXFileReference; lastKnownFileType = sourcecode.swift; path = AevoraApp.swift; sourceTree = "<group>"; };
		9139DBC7998D7C2B2ADA6674 /* ProfileRootView.swift */ = {isa = PBXFileReference; lastKnownFileType = sourcecode.swift; path = ProfileRootView.swift; sourceTree = "<group>"; };
		92D39D0B9303EB308C3773C1 /* SyncQueueInspector.swift */ = {isa = PBXFileReference; lastKnownFileType = sourcecode.swift; path = SyncQueueInspector.swift; sourceTree = "<group>"; };
		93C6097F315F71AEA1CCE63D /* AevoraShortcuts.swift */ = {isa = PBXFileReference; lastKnownFileType = sourcecode.swift; path = AevoraShortcuts.swift; sourceTree = "<group>"; };
		9442BDE8A04E5B6AB94CAE2F /* AevoraAssetManifest.swift */ = {isa = PBXFileReference; lastKnownFileType = sourcecode.swift; path = AevoraAssetManifest.swift; sourceTree = "<group>"; };
		9B2B9505E95645DFF7864208 /* ObservabilityTests.swift */ = {isa = PBXFileReference; lastKnownFileType = sourcecode.swift; path = ObservabilityTests.swift; sourceTree = "<group>"; };
		9BC16E15DCD734BC97D617BD /* LaunchContent.swift */ = {isa = PBXFileReference; lastKnownFileType = sourcecode.swift; path = LaunchContent.swift; sourceTree = "<group>"; };
		9D3811DE6E0B48BBD1C64E10 /* AccountSurfaceStore.swift */ = {isa = PBXFileReference; lastKnownFileType = sourcecode.swift; path = AccountSurfaceStore.swift; sourceTree = "<group>"; };
		A03D13B2F3733F1BD569E1C4 /* FirstPlayableStoreTests.swift */ = {isa = PBXFileReference; lastKnownFileType = sourcecode.swift; path = FirstPlayableStoreTests.swift; sourceTree = "<group>"; };
		A536B9B29F4057677FC7BE74 /* SyncQueue.swift */ = {isa = PBXFileReference; lastKnownFileType = sourcecode.swift; path = SyncQueue.swift; sourceTree = "<group>"; };
		A5BC70ABB8EB853BD144116F /* CrashReporter.swift */ = {isa = PBXFileReference; lastKnownFileType = sourcecode.swift; path = CrashReporter.swift; sourceTree = "<group>"; };
		A8DFDDD385C3A2E9A2444004 /* AssetRuntimeTests.swift */ = {isa = PBXFileReference; lastKnownFileType = sourcecode.swift; path = AssetRuntimeTests.swift; sourceTree = "<group>"; };
		AE1BBCB130166A666375F90E /* DebugTests.swift */ = {isa = PBXFileReference; lastKnownFileType = sourcecode.swift; path = DebugTests.swift; sourceTree = "<group>"; };
		B041943AB6C78A4E2A54035E /* RedactionPolicy.swift */ = {isa = PBXFileReference; lastKnownFileType = sourcecode.swift; path = RedactionPolicy.swift; sourceTree = "<group>"; };
		B0B75541B3E1EEB93764E2E6 /* AssetDebugMenuView.swift */ = {isa = PBXFileReference; lastKnownFileType = sourcecode.swift; path = AssetDebugMenuView.swift; sourceTree = "<group>"; };
		B171BFF37476565D05E8B160 /* AevoraWidgetsBundle.swift */ = {isa = PBXFileReference; lastKnownFileType = sourcecode.swift; path = AevoraWidgetsBundle.swift; sourceTree = "<group>"; };
		B463D3B37B39384ED29C6FDF /* AppNotificationDelegate.swift */ = {isa = PBXFileReference; lastKnownFileType = sourcecode.swift; path = AppNotificationDelegate.swift; sourceTree = "<group>"; };
		B9DA1B47F0B6538B63F65A0F /* SyncConflictView.swift */ = {isa = PBXFileReference; lastKnownFileType = sourcecode.swift; path = SyncConflictView.swift; sourceTree = "<group>"; };
		BDFAD86645BBEBB1C3B34E90 /* SyncTests.swift */ = {isa = PBXFileReference; lastKnownFileType = sourcecode.swift; path = SyncTests.swift; sourceTree = "<group>"; };
		BFE4EBF3C5DE381C008E981F /* AutomationSurfaceStore.swift */ = {isa = PBXFileReference; lastKnownFileType = sourcecode.swift; path = AutomationSurfaceStore.swift; sourceTree = "<group>"; };
		C1EBEDEA1F60B8C3927D664B /* aevora-v1-local-placeholder-manifest.seed.json */ = {isa = PBXFileReference; lastKnownFileType = text.json; path = "aevora-v1-local-placeholder-manifest.seed.json"; sourceTree = "<group>"; };
		C3562FBAF9AE0EE508735965 /* HealthKitManager.swift */ = {isa = PBXFileReference; lastKnownFileType = sourcecode.swift; path = HealthKitManager.swift; sourceTree = "<group>"; };
		C552722BF9ED16767039338D /* Info.plist */ = {isa = PBXFileReference; lastKnownFileType = text.plist; path = Info.plist; sourceTree = "<group>"; };
		C6D459E49C35D37C9EDED109 /* HearthRootView.swift */ = {isa = PBXFileReference; lastKnownFileType = sourcecode.swift; path = HearthRootView.swift; sourceTree = "<group>"; };
		CB34C6AE7E8F1251B4B3E4D7 /* NotificationManager.swift */ = {isa = PBXFileReference; lastKnownFileType = sourcecode.swift; path = NotificationManager.swift; sourceTree = "<group>"; };
		CC6F801B267A74460754ABF4 /* AppDeepLink.swift */ = {isa = PBXFileReference; lastKnownFileType = sourcecode.swift; path = AppDeepLink.swift; sourceTree = "<group>"; };
		CC7B76DAF93C0234227562D0 /* AnalyticsMetadataProvider.swift */ = {isa = PBXFileReference; lastKnownFileType = sourcecode.swift; path = AnalyticsMetadataProvider.swift; sourceTree = "<group>"; };
		D14C40448C980529B2C65397 /* OnboardingRootViewTests.swift */ = {isa = PBXFileReference; lastKnownFileType = sourcecode.swift; path = OnboardingRootViewTests.swift; sourceTree = "<group>"; };
		D25F5725B8D24A9F5C4E0A51 /* APIClientTests.swift */ = {isa = PBXFileReference; lastKnownFileType = sourcecode.swift; path = APIClientTests.swift; sourceTree = "<group>"; };
		DD9B0310F7E03E5D84D3277D /* AppEnvironment.swift */ = {isa = PBXFileReference; lastKnownFileType = sourcecode.swift; path = AppEnvironment.swift; sourceTree = "<group>"; };
		DEF98F137278FBBDAC1B08C0 /* aevora-v1-asset-slot-families.seed.json */ = {isa = PBXFileReference; lastKnownFileType = text.json; path = "aevora-v1-asset-slot-families.seed.json"; sourceTree = "<group>"; };
		DF36EF5DD0177976BD13AD93 /* AevoraTests.xctest */ = {isa = PBXFileReference; includeInIndex = 0; lastKnownFileType = wrapper.cfbundle; path = AevoraTests.xctest; sourceTree = BUILT_PRODUCTS_DIR; };
		DF8D1BEB7CCFA37ABBC93DB9 /* FirstPlayableStore.swift */ = {isa = PBXFileReference; lastKnownFileType = sourcecode.swift; path = FirstPlayableStore.swift; sourceTree = "<group>"; };
		EA28F8FCC82888F92ECE85A1 /* AnalyticsEvent.swift */ = {isa = PBXFileReference; lastKnownFileType = sourcecode.swift; path = AnalyticsEvent.swift; sourceTree = "<group>"; };
		EC4EE0FBC567D366399F7A49 /* WorldRootView.swift */ = {isa = PBXFileReference; lastKnownFileType = sourcecode.swift; path = WorldRootView.swift; sourceTree = "<group>"; };
		EC60416C2D35FDBB95F30FDB /* PersistenceTests.swift */ = {isa = PBXFileReference; lastKnownFileType = sourcecode.swift; path = PersistenceTests.swift; sourceTree = "<group>"; };
		F2A6A2372367D3EF195C3E52 /* FeatureFlag.swift */ = {isa = PBXFileReference; lastKnownFileType = sourcecode.swift; path = FeatureFlag.swift; sourceTree = "<group>"; };
		F79738607DAC95537E4B59C7 /* AevoraWidgets.appex */ = {isa = PBXFileReference; includeInIndex = 0; lastKnownFileType = "wrapper.app-extension"; path = AevoraWidgets.appex; sourceTree = BUILT_PRODUCTS_DIR; };
		F7FF4156CED7ED88C0E66EFB /* SyncStatusStore.swift */ = {isa = PBXFileReference; lastKnownFileType = sourcecode.swift; path = SyncStatusStore.swift; sourceTree = "<group>"; };
		FA2BE78869ACBF60C3855BC7 /* RewardModalView.swift */ = {isa = PBXFileReference; lastKnownFileType = sourcecode.swift; path = RewardModalView.swift; sourceTree = "<group>"; };
		FBD3BC2ACC2537DBAEC37054 /* GlanceSurfaceStore.swift */ = {isa = PBXFileReference; lastKnownFileType = sourcecode.swift; path = GlanceSurfaceStore.swift; sourceTree = "<group>"; };
		FCEF370240A0AF53072AC295 /* FeatureFlagOverrideStore.swift */ = {isa = PBXFileReference; lastKnownFileType = sourcecode.swift; path = FeatureFlagOverrideStore.swift; sourceTree = "<group>"; };
		FD1616307E3E2F66DD37A6A3 /* APIError.swift */ = {isa = PBXFileReference; lastKnownFileType = sourcecode.swift; path = APIError.swift; sourceTree = "<group>"; };
/* End PBXFileReference section */

/* Begin PBXGroup section */
		004DCEDB97897240C3C5173D /* assets */ = {
			isa = PBXGroup;
			children = (
				DEF98F137278FBBDAC1B08C0 /* aevora-v1-asset-slot-families.seed.json */,
			);
			path = assets;
			sourceTree = "<group>";
		};
		01DA8B31BCADE12235DC94EF /* Aevora */ = {
			isa = PBXGroup;
			children = (
				399203630851E5F6EBCB2660 /* content */,
				B58404344058ABA3EBA714D9 /* ops */,
				B15384519CBB4CD9A02F1497 /* shared */,
			);
			name = Aevora;
			path = ..;
			sourceTree = "<group>";
		};
		05DE0ACEEA3A311E3EF54ED5 /* Persistence */ = {
			isa = PBXGroup;
			children = (
				EC60416C2D35FDBB95F30FDB /* PersistenceTests.swift */,
			);
			path = Persistence;
			sourceTree = "<group>";
		};
		09F11F300DE72A8E92E0F570 /* Support */ = {
			isa = PBXGroup;
			children = (
				CA641AA4C138983E51802347 /* Config */,
			);
			path = Support;
			sourceTree = "<group>";
		};
		0DA0CC69F68E4153248D5F3F /* CoreLoop */ = {
			isa = PBXGroup;
			children = (
				A03D13B2F3733F1BD569E1C4 /* FirstPlayableStoreTests.swift */,
			);
			path = CoreLoop;
			sourceTree = "<group>";
		};
		0E12F5C1A5AB73F971BF2896 /* Observability */ = {
			isa = PBXGroup;
			children = (
				9B2B9505E95645DFF7864208 /* ObservabilityTests.swift */,
			);
			path = Observability;
			sourceTree = "<group>";
		};
		0F8AB829E055B88FE8303EAF /* Onboarding */ = {
			isa = PBXGroup;
			children = (
				45AF3F19CEB8A8FC93A93239 /* AvatarSurfaceContractTests.swift */,
				D14C40448C980529B2C65397 /* OnboardingRootViewTests.swift */,
			);
			path = Onboarding;
			sourceTree = "<group>";
		};
		1FCE24BB658AF680F44F2A7E /* Today */ = {
			isa = PBXGroup;
			children = (
				75FB9264A6932686A7E4A19D /* TodayRootView.swift */,
			);
			path = Today;
			sourceTree = "<group>";
		};
		25A3E83168AD8D0BE350A334 /* Models */ = {
			isa = PBXGroup;
			children = (
				1037E6462B55C88ABAAD4386 /* LocalModels.swift */,
			);
			path = Models;
			sourceTree = "<group>";
		};
		28B6DBDDAB358DA85ADF02A4 /* Assets */ = {
			isa = PBXGroup;
			children = (
				2CB67D34C6F7736A51F1B2EA /* AssetRenderableViewTests.swift */,
				A8DFDDD385C3A2E9A2444004 /* AssetRuntimeTests.swift */,
				0CC95333D4C206D0BE793DA2 /* AssetSurfaceContractTests.swift */,
			);
			path = Assets;
			sourceTree = "<group>";
		};
		29C29BA06FDD1FAFA89553A0 /* Observability */ = {
			isa = PBXGroup;
			children = (
				A5BC70ABB8EB853BD144116F /* CrashReporter.swift */,
				295A3462DB36D81DA899FCDB /* LogContext.swift */,
				B041943AB6C78A4E2A54035E /* RedactionPolicy.swift */,
				611C61E3547306E4AEC9F2C8 /* StructuredLogger.swift */,
			);
			path = Observability;
			sourceTree = "<group>";
		};
		34AC4017FD96E65DE2A74736 /* assets */ = {
			isa = PBXGroup;
			children = (
				8A356C65513CB6ADB706224F /* manifests */,
			);
			path = assets;
			sourceTree = "<group>";
		};
		358A1CCE52DA23612410A9C8 /* Products */ = {
			isa = PBXGroup;
			children = (
				2C70B32E4A8F83AD1AF0C61D /* Aevora.app */,
				DF36EF5DD0177976BD13AD93 /* AevoraTests.xctest */,
				F79738607DAC95537E4B59C7 /* AevoraWidgets.appex */,
			);
			name = Products;
			sourceTree = "<group>";
		};
		37D8BD6BF0BB3B72C583952A /* Networking */ = {
			isa = PBXGroup;
			children = (
				00E8D327578A57BB3A6EFE96 /* APIClient.swift */,
				FD1616307E3E2F66DD37A6A3 /* APIError.swift */,
				0E30F1D482AFA118D9BB625E /* APIRequest.swift */,
			);
			path = Networking;
			sourceTree = "<group>";
		};
		381C8CC44B6C57C3FED9B499 /* Seed */ = {
			isa = PBXGroup;
			children = (
				01996036331957444BB6A1A3 /* LocalSeedLoader.swift */,
			);
			path = Seed;
			sourceTree = "<group>";
		};
		399203630851E5F6EBCB2660 /* content */ = {
			isa = PBXGroup;
			children = (
				A20192EAE13AEAC6EFAD0426 /* launch */,
			);
			path = content;
			sourceTree = "<group>";
		};
		3CB9B21930D7CCFD33233920 /* Sync */ = {
			isa = PBXGroup;
			children = (
				BDFAD86645BBEBB1C3B34E90 /* SyncTests.swift */,
			);
			path = Sync;
			sourceTree = "<group>";
		};
		3D03FD7C3BD8D0EBA0605F3C /* World */ = {
			isa = PBXGroup;
			children = (
				EC4EE0FBC567D366399F7A49 /* WorldRootView.swift */,
				567F61F75E72B4CCED0D8187 /* WorldScene.swift */,
			);
			path = World;
			sourceTree = "<group>";
		};
		49385E61837CDCF1A3A02444 /* Content */ = {
			isa = PBXGroup;
			children = (
				2AE9042C4904EEDFDD44422F /* CopyCatalog.swift */,
				9BC16E15DCD734BC97D617BD /* LaunchContent.swift */,
			);
			path = Content;
			sourceTree = "<group>";
		};
		497CEFA694D04FF469728459 /* Persistence */ = {
			isa = PBXGroup;
			children = (
				8E8BB5D685F303CE0E651714 /* PersistenceController.swift */,
				25A3E83168AD8D0BE350A334 /* Models */,
				EC5DDB121FE226441E1A9004 /* Repositories */,
				381C8CC44B6C57C3FED9B499 /* Seed */,
			);
			path = Persistence;
			sourceTree = "<group>";
		};
		4ACD1D2929339B54490DB8D5 /* tokens */ = {
			isa = PBXGroup;
			children = (
				1BF448AE91926B478F5E9096 /* aevora-v1-design-tokens.json */,
			);
			path = tokens;
			sourceTree = "<group>";
		};
		56FB8339EB5DA71086EFC96C /* Debug */ = {
			isa = PBXGroup;
			children = (
				AE1BBCB130166A666375F90E /* DebugTests.swift */,
			);
			path = Debug;
			sourceTree = "<group>";
		};
		593CE655A96D1D2E127CFD10 /* DesignSystem */ = {
			isa = PBXGroup;
			children = (
				9442BDE8A04E5B6AB94CAE2F /* AevoraAssetManifest.swift */,
				74B32D13574A1FB08F24C091 /* AevoraAssetRegistry.swift */,
				7FF05237824BC32550455198 /* AevoraAssetRenderableView.swift */,
				2831F4516DF46D79E115AF83 /* AevoraAssetResolver.swift */,
				022AE6A0DE7CC3D5FBE56D92 /* AevoraTokens.swift */,
			);
			path = DesignSystem;
			sourceTree = "<group>";
		};
		59C63903D4ABB11562FF5E7E /* Shared */ = {
			isa = PBXGroup;
			children = (
				58B0ABFD2B2CC3690A587794 /* AvatarPreviewCard.swift */,
				EBF52EB9C3C5F6DA64F54490 /* Status */,
			);
			path = Shared;
			sourceTree = "<group>";
		};
		59E896ED9D225CCE25D691E7 = {
			isa = PBXGroup;
			children = (
				C418AA6547D71F1CCC4F12FC /* Aevora */,
				01DA8B31BCADE12235DC94EF /* Aevora */,
				DD14C3252BEFD6C4F2837924 /* AevoraTests */,
				DA30FA1101CF51DE66A51529 /* AevoraWidgets */,
				C71AF9DFB502F4ED8D2F1579 /* SharedGlance */,
				358A1CCE52DA23612410A9C8 /* Products */,
			);
			sourceTree = "<group>";
		};
		5CF457F960890B3F7FEC0A94 /* Onboarding */ = {
			isa = PBXGroup;
			children = (
				35FF2BE9CB3B7EACD0EF6680 /* OnboardingRootView.swift */,
			);
			path = Onboarding;
			sourceTree = "<group>";
		};
		652FE69C7241858D3888A782 /* Debug */ = {
			isa = PBXGroup;
			children = (
				B0B75541B3E1EEB93764E2E6 /* AssetDebugMenuView.swift */,
			);
			path = Debug;
			sourceTree = "<group>";
		};
		6655F4A6076B0BC8704D0247 /* Debug */ = {
			isa = PBXGroup;
			children = (
				53567186EE6D40733FCB6406 /* DebugMenuRootView.swift */,
				FCEF370240A0AF53072AC295 /* FeatureFlagOverrideStore.swift */,
				1FEEE15F5CC7BCE5FDC5C413 /* SeedScenarioLoader.swift */,
				92D39D0B9303EB308C3773C1 /* SyncQueueInspector.swift */,
			);
			path = Debug;
			sourceTree = "<group>";
		};
		68645CCA59A3B053101C5BEB /* CoreLoop */ = {
			isa = PBXGroup;
			children = (
				DF8D1BEB7CCFA37ABBC93DB9 /* FirstPlayableStore.swift */,
			);
			path = CoreLoop;
			sourceTree = "<group>";
		};
		6E1CA0A72DF0289320EC9E33 /* Core */ = {
			isa = PBXGroup;
			children = (
				C862EDCCF5F7FF0F51542F43 /* Analytics */,
				CD429C9D1F152E915B6597A5 /* Automation */,
				F9821F2732E861A8E8906FE8 /* Config */,
				49385E61837CDCF1A3A02444 /* Content */,
				A34A4DB87CE6F7323C19D1B8 /* Glance */,
				B08BAABA307CD9D21D10139C /* Health */,
				37D8BD6BF0BB3B72C583952A /* Networking */,
				D446EFAB68E2B8C2D3DDE5F7 /* Notifications */,
				29C29BA06FDD1FAFA89553A0 /* Observability */,
				497CEFA694D04FF469728459 /* Persistence */,
				7C708B8CFDDAA0A755273294 /* Sync */,
			);
			path = Core;
			sourceTree = "<group>";
		};
		7C708B8CFDDAA0A755273294 /* Sync */ = {
			isa = PBXGroup;
			children = (
				482E265A84935A597EA40A46 /* ConnectivityMonitor.swift */,
				8496287AB9754366245BA15E /* SyncCoordinator.swift */,
				28931C3E7AB28AB38FB3C42F /* SyncOperation.swift */,
				A536B9B29F4057677FC7BE74 /* SyncQueue.swift */,
			);
			path = Sync;
			sourceTree = "<group>";
		};
		81AD8CC50068C9694420380B /* Hearth */ = {
			isa = PBXGroup;
			children = (
				C6D459E49C35D37C9EDED109 /* HearthRootView.swift */,
			);
			path = Hearth;
			sourceTree = "<group>";
		};
		89FF4B6C93B89CC3AC5F3462 /* Analytics */ = {
			isa = PBXGroup;
			children = (
				26D926286D24773C4EF8E27C /* AnalyticsTests.swift */,
			);
			path = Analytics;
			sourceTree = "<group>";
		};
		8A356C65513CB6ADB706224F /* manifests */ = {
			isa = PBXGroup;
			children = (
				C1EBEDEA1F60B8C3927D664B /* aevora-v1-local-placeholder-manifest.seed.json */,
			);
			path = manifests;
			sourceTree = "<group>";
		};
		8AD4CD3C90C6C46A440C7D58 /* App */ = {
			isa = PBXGroup;
			children = (
				CC6F801B267A74460754ABF4 /* AppDeepLink.swift */,
				DD9B0310F7E03E5D84D3277D /* AppEnvironment.swift */,
				B463D3B37B39384ED29C6FDF /* AppNotificationDelegate.swift */,
				E15FDD6635A1E65A33C9FFAF /* Navigation */,
			);
			path = App;
			sourceTree = "<group>";
		};
		8EB818D5DCF3562D08094383 /* Account */ = {
			isa = PBXGroup;
			children = (
				9D3811DE6E0B48BBD1C64E10 /* AccountSurfaceStore.swift */,
			);
			path = Account;
			sourceTree = "<group>";
		};
		971E7060D812B1E8EB9240D3 /* contracts */ = {
			isa = PBXGroup;
			children = (
				004DCEDB97897240C3C5173D /* assets */,
			);
			path = contracts;
			sourceTree = "<group>";
		};
		9DE718698B7CF46EE6D3AEEF /* copy */ = {
			isa = PBXGroup;
			children = (
				B04815E80E8B1ABEFD3D8444 /* en */,
			);
			path = copy;
			sourceTree = "<group>";
		};
		A20192EAE13AEAC6EFAD0426 /* launch */ = {
			isa = PBXGroup;
			children = (
				0F44E4A4CD0C0AEF24A6305A /* launch-content.min.v1.json */,
				9DE718698B7CF46EE6D3AEEF /* copy */,
			);
			path = launch;
			sourceTree = "<group>";
		};
		A34A4DB87CE6F7323C19D1B8 /* Glance */ = {
			isa = PBXGroup;
			children = (
				FBD3BC2ACC2537DBAEC37054 /* GlanceSurfaceStore.swift */,
				59B17D579B5C44109024680D /* LiveActivityCoordinator.swift */,
			);
			path = Glance;
			sourceTree = "<group>";
		};
		A3C5E165110CC285E54BD459 /* Status */ = {
			isa = PBXGroup;
			children = (
				033728F637B098F516E2E638 /* StatusTests.swift */,
			);
			path = Status;
			sourceTree = "<group>";
		};
		A3CC6FFA5DC69A7B54413D71 /* Quest */ = {
			isa = PBXGroup;
			children = (
				731B7AB4C829B4396745176E /* QuestJournalSheet.swift */,
			);
			path = Quest;
			sourceTree = "<group>";
		};
		B04815E80E8B1ABEFD3D8444 /* en */ = {
			isa = PBXGroup;
			children = (
				1DB2A8CF9CD6588CF132E530 /* core.v1.json */,
			);
			path = en;
			sourceTree = "<group>";
		};
		B08BAABA307CD9D21D10139C /* Health */ = {
			isa = PBXGroup;
			children = (
				C3562FBAF9AE0EE508735965 /* HealthKitManager.swift */,
			);
			path = Health;
			sourceTree = "<group>";
		};
		B15384519CBB4CD9A02F1497 /* shared */ = {
			isa = PBXGroup;
			children = (
				971E7060D812B1E8EB9240D3 /* contracts */,
				4ACD1D2929339B54490DB8D5 /* tokens */,
			);
			path = shared;
			sourceTree = "<group>";
		};
		B5536F3825031CB0AA2BBA57 /* Features */ = {
			isa = PBXGroup;
			children = (
				8EB818D5DCF3562D08094383 /* Account */,
				68645CCA59A3B053101C5BEB /* CoreLoop */,
				652FE69C7241858D3888A782 /* Debug */,
				81AD8CC50068C9694420380B /* Hearth */,
				5CF457F960890B3F7FEC0A94 /* Onboarding */,
				ECD0E39F8087F419F875E456 /* Profile */,
				A3CC6FFA5DC69A7B54413D71 /* Quest */,
				E3616D911B7EB61E0931D3F9 /* Rewards */,
				1FCE24BB658AF680F44F2A7E /* Today */,
				3D03FD7C3BD8D0EBA0605F3C /* World */,
			);
			path = Features;
			sourceTree = "<group>";
		};
		B58404344058ABA3EBA714D9 /* ops */ = {
			isa = PBXGroup;
			children = (
				34AC4017FD96E65DE2A74736 /* assets */,
			);
			path = ops;
			sourceTree = "<group>";
		};
		B98A9920DBEE0FADB563EACF /* Networking */ = {
			isa = PBXGroup;
			children = (
				D25F5725B8D24A9F5C4E0A51 /* APIClientTests.swift */,
			);
			path = Networking;
			sourceTree = "<group>";
		};
		BA4AD1F4A6F7350A548956E8 /* TestSupport */ = {
			isa = PBXGroup;
			children = (
				57AA5CA810F8BC01D4AD26D6 /* DateFormatter+AevoraTest.swift */,
				5255AD94C388087BFE3CF8A9 /* XCTestCase+AevoraAsync.swift */,
			);
			path = TestSupport;
			sourceTree = "<group>";
		};
		C418AA6547D71F1CCC4F12FC /* Aevora */ = {
			isa = PBXGroup;
			children = (
				1D2A20A8AE7E5F62A523418F /* Aevora.entitlements */,
				8F7301BF89211C32F083F51A /* AevoraApp.swift */,
				8AD4CD3C90C6C46A440C7D58 /* App */,
				6E1CA0A72DF0289320EC9E33 /* Core */,
				6655F4A6076B0BC8704D0247 /* Debug */,
				593CE655A96D1D2E127CFD10 /* DesignSystem */,
				B5536F3825031CB0AA2BBA57 /* Features */,
				59C63903D4ABB11562FF5E7E /* Shared */,
				09F11F300DE72A8E92E0F570 /* Support */,
			);
			path = Aevora;
			sourceTree = "<group>";
		};
		C71AF9DFB502F4ED8D2F1579 /* SharedGlance */ = {
			isa = PBXGroup;
			children = (
				79E6EA35165C34C8005E2DF0 /* GlanceSurfaceModels.swift */,
			);
			path = SharedGlance;
			sourceTree = "<group>";
		};
		C862EDCCF5F7FF0F51542F43 /* Analytics */ = {
			isa = PBXGroup;
			children = (
				4EA35F180DCFE491F56B0B7B /* AnalyticsClient.swift */,
				4649A28505A2C84CA5F01397 /* AnalyticsEnvelope.swift */,
				EA28F8FCC82888F92ECE85A1 /* AnalyticsEvent.swift */,
				CC7B76DAF93C0234227562D0 /* AnalyticsMetadataProvider.swift */,
				7AA38F8F6F2A78541AD19FEF /* AnalyticsValidator.swift */,
			);
			path = Analytics;
			sourceTree = "<group>";
		};
		CA641AA4C138983E51802347 /* Config */ = {
			isa = PBXGroup;
			children = (
				28563D8BEA3C1B0ADE99BA83 /* remote-config-defaults.json */,
			);
			path = Config;
			sourceTree = "<group>";
		};
		CD429C9D1F152E915B6597A5 /* Automation */ = {
			isa = PBXGroup;
			children = (
				93C6097F315F71AEA1CCE63D /* AevoraShortcuts.swift */,
				8958F1971ECAB39AA5B9F865 /* AppIntentRouter.swift */,
				BFE4EBF3C5DE381C008E981F /* AutomationSurfaceStore.swift */,
			);
			path = Automation;
			sourceTree = "<group>";
		};
		CDA75108A58A89989C8FEF29 /* Config */ = {
			isa = PBXGroup;
			children = (
				0233F5EBE73734322718F8FB /* RemoteConfigClientTests.swift */,
			);
			path = Config;
			sourceTree = "<group>";
		};
		CF605AB60248C6525F6AF758 /* Account */ = {
			isa = PBXGroup;
			children = (
				2DBBBB4ED72FB8B5909E4551 /* AccountSurfaceStoreTests.swift */,
			);
			path = Account;
			sourceTree = "<group>";
		};
		D446EFAB68E2B8C2D3DDE5F7 /* Notifications */ = {
			isa = PBXGroup;
			children = (
				CB34C6AE7E8F1251B4B3E4D7 /* NotificationManager.swift */,
				744E0D056B08A33A9C443C9B /* NotificationPlan.swift */,
			);
			path = Notifications;
			sourceTree = "<group>";
		};
		DA30FA1101CF51DE66A51529 /* AevoraWidgets */ = {
			isa = PBXGroup;
			children = (
				8DD74B3EEAF5C1E984B099D0 /* AevoraWidgets.entitlements */,
				B171BFF37476565D05E8B160 /* AevoraWidgetsBundle.swift */,
				C552722BF9ED16767039338D /* Info.plist */,
			);
			path = AevoraWidgets;
			sourceTree = "<group>";
		};
		DD14C3252BEFD6C4F2837924 /* AevoraTests */ = {
			isa = PBXGroup;
			children = (
				5BBBE7F262EE25FFEA693997 /* AppNavigationTests.swift */,
				CF605AB60248C6525F6AF758 /* Account */,
				89FF4B6C93B89CC3AC5F3462 /* Analytics */,
				28B6DBDDAB358DA85ADF02A4 /* Assets */,
				CDA75108A58A89989C8FEF29 /* Config */,
				0DA0CC69F68E4153248D5F3F /* CoreLoop */,
				56FB8339EB5DA71086EFC96C /* Debug */,
				B98A9920DBEE0FADB563EACF /* Networking */,
				0E12F5C1A5AB73F971BF2896 /* Observability */,
				0F8AB829E055B88FE8303EAF /* Onboarding */,
				05DE0ACEEA3A311E3EF54ED5 /* Persistence */,
				A3C5E165110CC285E54BD459 /* Status */,
				3CB9B21930D7CCFD33233920 /* Sync */,
				BA4AD1F4A6F7350A548956E8 /* TestSupport */,
			);
			path = AevoraTests;
			sourceTree = "<group>";
		};
		E15FDD6635A1E65A33C9FFAF /* Navigation */ = {
			isa = PBXGroup;
			children = (
				67AD387CDAA06895848DB8C9 /* AppTab.swift */,
				01DFCCE96778B9D952CA0BC8 /* RootTabView.swift */,
			);
			path = Navigation;
			sourceTree = "<group>";
		};
		E3616D911B7EB61E0931D3F9 /* Rewards */ = {
			isa = PBXGroup;
			children = (
				FA2BE78869ACBF60C3855BC7 /* RewardModalView.swift */,
			);
			path = Rewards;
			sourceTree = "<group>";
		};
		EBF52EB9C3C5F6DA64F54490 /* Status */ = {
			isa = PBXGroup;
			children = (
				722D6B919EE975BA883CA970 /* OfflineBannerView.swift */,
				B9DA1B47F0B6538B63F65A0F /* SyncConflictView.swift */,
				F7FF4156CED7ED88C0E66EFB /* SyncStatusStore.swift */,
			);
			path = Status;
			sourceTree = "<group>";
		};
		EC5DDB121FE226441E1A9004 /* Repositories */ = {
			isa = PBXGroup;
			children = (
				8681F676DCE7FC56BCA292D5 /* LocalRepositories.swift */,
			);
			path = Repositories;
			sourceTree = "<group>";
		};
		ECD0E39F8087F419F875E456 /* Profile */ = {
			isa = PBXGroup;
			children = (
				9139DBC7998D7C2B2ADA6674 /* ProfileRootView.swift */,
			);
			path = Profile;
			sourceTree = "<group>";
		};
		F9821F2732E861A8E8906FE8 /* Config */ = {
			isa = PBXGroup;
			children = (
				F2A6A2372367D3EF195C3E52 /* FeatureFlag.swift */,
				8CD483DC1B07D28E9A230848 /* RemoteConfigClient.swift */,
				40F201E9A338E1D51755FDC4 /* TypedRemoteConfig.swift */,
			);
			path = Config;
			sourceTree = "<group>";
		};
/* End PBXGroup section */

/* Begin PBXNativeTarget section */
		21037C5810A9A10615C1FA8E /* AevoraWidgets */ = {
			isa = PBXNativeTarget;
			buildConfigurationList = 86F77B841EB865EF569FFAAE /* Build configuration list for PBXNativeTarget "AevoraWidgets" */;
			buildPhases = (
				B9A1AAE6BFCEA65F614C2AC1 /* Sources */,
			);
			buildRules = (
			);
			dependencies = (
			);
			name = AevoraWidgets;
			packageProductDependencies = (
			);
			productName = AevoraWidgets;
			productReference = F79738607DAC95537E4B59C7 /* AevoraWidgets.appex */;
			productType = "com.apple.product-type.app-extension";
		};
		7E56584B2DDA1B13CFF588A9 /* AevoraTests */ = {
			isa = PBXNativeTarget;
			buildConfigurationList = B492116213C49E7E40F54EBF /* Build configuration list for PBXNativeTarget "AevoraTests" */;
			buildPhases = (
				E3CCAA80DBA9015F3E97C64E /* Sources */,
			);
			buildRules = (
			);
			dependencies = (
				F1FEE06D5B87C684CE3244BA /* PBXTargetDependency */,
			);
			name = AevoraTests;
			packageProductDependencies = (
			);
			productName = AevoraTests;
			productReference = DF36EF5DD0177976BD13AD93 /* AevoraTests.xctest */;
			productType = "com.apple.product-type.bundle.unit-test";
		};
		DE6FA7DF67B723962DF01CC5 /* Aevora */ = {
			isa = PBXNativeTarget;
			buildConfigurationList = 2F2282CED1C9FE5D2E573275 /* Build configuration list for PBXNativeTarget "Aevora" */;
			buildPhases = (
				A55CF0C3259FAB1916AE9EB4 /* Sources */,
				11384CD6BE23B7165D8D783E /* Resources */,
				E456B58D0DAD998A61A02B9B /* Embed Foundation Extensions */,
			);
			buildRules = (
			);
			dependencies = (
				4276BFB6A6572743FF149489 /* PBXTargetDependency */,
			);
			name = Aevora;
			packageProductDependencies = (
			);
			productName = Aevora;
			productReference = 2C70B32E4A8F83AD1AF0C61D /* Aevora.app */;
			productType = "com.apple.product-type.application";
		};
/* End PBXNativeTarget section */

/* Begin PBXProject section */
		68D64F45274B13447BD4A818 /* Project object */ = {
			isa = PBXProject;
			attributes = {
				BuildIndependentTargetsInParallel = YES;
				LastUpgradeCheck = 1430;
				TargetAttributes = {
				};
			};
			buildConfigurationList = 78FC26D6CEB69F160818A5B4 /* Build configuration list for PBXProject "Aevora" */;
			developmentRegion = en;
			hasScannedForEncodings = 0;
			knownRegions = (
				Base,
				en,
			);
			mainGroup = 59E896ED9D225CCE25D691E7;
			minimizedProjectReferenceProxies = 1;
			preferredProjectObjectVersion = 77;
			productRefGroup = 358A1CCE52DA23612410A9C8 /* Products */;
			projectDirPath = "";
			projectRoot = "";
			targets = (
				DE6FA7DF67B723962DF01CC5 /* Aevora */,
				7E56584B2DDA1B13CFF588A9 /* AevoraTests */,
				21037C5810A9A10615C1FA8E /* AevoraWidgets */,
			);
		};
/* End PBXProject section */

/* Begin PBXResourcesBuildPhase section */
		11384CD6BE23B7165D8D783E /* Resources */ = {
			isa = PBXResourcesBuildPhase;
			buildActionMask = 2147483647;
			files = (
				0701F106747F48961D821707 /* aevora-v1-asset-slot-families.seed.json in Resources */,
				9F5588024006BB5FCCA4627D /* aevora-v1-design-tokens.json in Resources */,
				F57FE14C3EB0B5F79EDD27E1 /* aevora-v1-local-placeholder-manifest.seed.json in Resources */,
				4C1DE99450237E07F913496B /* core.v1.json in Resources */,
				F968CE19C4E567E204E86291 /* launch-content.min.v1.json in Resources */,
				0F991EF0F832BCCD4DC8EF09 /* remote-config-defaults.json in Resources */,
			);
			runOnlyForDeploymentPostprocessing = 0;
		};
/* End PBXResourcesBuildPhase section */

/* Begin PBXSourcesBuildPhase section */
		A55CF0C3259FAB1916AE9EB4 /* Sources */ = {
			isa = PBXSourcesBuildPhase;
			buildActionMask = 2147483647;
			files = (
				47E1924DF5AE287EF6A3B1EA /* APIClient.swift in Sources */,
				C22511C1930FC28071FEA728 /* APIError.swift in Sources */,
				0AB8DFC6E92761C80C297EEF /* APIRequest.swift in Sources */,
				7842A0C81EEF603FF97D6B47 /* AccountSurfaceStore.swift in Sources */,
				7ECC637C4A13AF098112FE98 /* AevoraApp.swift in Sources */,
				ED15694337653573483B4BD7 /* AevoraAssetManifest.swift in Sources */,
				6ED4C13A86E2F4CA0ADC8BEB /* AevoraAssetRegistry.swift in Sources */,
				C4D67B06BE2E44C451BF5BB2 /* AevoraAssetRenderableView.swift in Sources */,
				46F95E6C41F43164E1E4B7E9 /* AevoraAssetResolver.swift in Sources */,
				ABC9587FE6F69A386D1B4B5E /* AevoraShortcuts.swift in Sources */,
				349B039B9324A0B9899F81FB /* AevoraTokens.swift in Sources */,
				D13484C20351838AAFC9C98F /* AnalyticsClient.swift in Sources */,
				359331067289762811AD63CB /* AnalyticsEnvelope.swift in Sources */,
				6B0692FBA9F904A70A09A4AB /* AnalyticsEvent.swift in Sources */,
				6FCDA30BFB45BC5A1D47D594 /* AnalyticsMetadataProvider.swift in Sources */,
				A5372BAC95703EA1D3E53F3C /* AnalyticsValidator.swift in Sources */,
				5D76523AD06053B12D62639D /* AppDeepLink.swift in Sources */,
				06DCA3072269B41427CB04C6 /* AppEnvironment.swift in Sources */,
				108C7F7F819D7CE9A05893F8 /* AppIntentRouter.swift in Sources */,
				EF561EC24F974E4E903CC61F /* AppNotificationDelegate.swift in Sources */,
				038DE489A33A87A9388D8BED /* AppTab.swift in Sources */,
				E75245ED5D57347EDF51AE04 /* AssetDebugMenuView.swift in Sources */,
				310A32384FC0D719271FE095 /* AutomationSurfaceStore.swift in Sources */,
				8EDBC67E98F1445145F96CEA /* AvatarPreviewCard.swift in Sources */,
				792F86E3737683868F1FB59A /* ConnectivityMonitor.swift in Sources */,
				52746D9559A9B4DDB5AA79FF /* CopyCatalog.swift in Sources */,
				14D0C0761986804E67F1E25F /* CrashReporter.swift in Sources */,
				431EE0BF0614836803D90F30 /* DebugMenuRootView.swift in Sources */,
				B89DAD08D33BBB251522EC1F /* FeatureFlag.swift in Sources */,
				3F58D44BF7BEB588CB1EB6C4 /* FeatureFlagOverrideStore.swift in Sources */,
				A169B6FD4D536107BE7CC51D /* FirstPlayableStore.swift in Sources */,
				DE1804FA9C825594F8D97812 /* GlanceSurfaceModels.swift in Sources */,
				4F9B2A5809158A32AD5E7A53 /* GlanceSurfaceStore.swift in Sources */,
				D604EEA30703215246B04A4F /* HealthKitManager.swift in Sources */,
				F0D1B308191EEA4FCEB25551 /* HearthRootView.swift in Sources */,
				81E39308007F684D11D7830D /* LaunchContent.swift in Sources */,
				EBE41ECFF8B52F59DE35EB72 /* LiveActivityCoordinator.swift in Sources */,
				61DE2E10EE407ED851CA7298 /* LocalModels.swift in Sources */,
				58968B719D5E363B2AF73A3F /* LocalRepositories.swift in Sources */,
				13831DF462E7CCE222729A2A /* LocalSeedLoader.swift in Sources */,
				9C2D7C649CF44D1A8A043D4E /* LogContext.swift in Sources */,
				4BF3AB8458899E4581C55868 /* NotificationManager.swift in Sources */,
				37E266AD290C483808DB6B7B /* NotificationPlan.swift in Sources */,
				2B83F838615FC6EF600F594D /* OfflineBannerView.swift in Sources */,
				07F8EB1A34E138D7A185087C /* OnboardingRootView.swift in Sources */,
				B85628601B76E8D103F0703D /* PersistenceController.swift in Sources */,
				68658477D33348D3F7E0FCC0 /* ProfileRootView.swift in Sources */,
				54A34AE1B69B52AF56A4F49F /* QuestJournalSheet.swift in Sources */,
				2F135CBB2944BA368534C385 /* RedactionPolicy.swift in Sources */,
				57EA7CB59F06F5F07E84E894 /* RemoteConfigClient.swift in Sources */,
				341E496A2C390E409DBCFC7D /* RewardModalView.swift in Sources */,
				19B78B20C6C18B988CE82A5E /* RootTabView.swift in Sources */,
				47235F6135D0C220D122A6FB /* SeedScenarioLoader.swift in Sources */,
				1708ECEB46014EC7DE24B3FB /* StructuredLogger.swift in Sources */,
				2D76D8651902E3956E3BBC13 /* SyncConflictView.swift in Sources */,
				A7132F98F3BD8E3CFC14A893 /* SyncCoordinator.swift in Sources */,
				9A040EB9493C1E43EB41C7AA /* SyncOperation.swift in Sources */,
				64D3A8B06D764E3218F87465 /* SyncQueue.swift in Sources */,
				EBB0FE686E6505DCA29C9FDB /* SyncQueueInspector.swift in Sources */,
				4B4BE1CB2D9DCBBC02B67B02 /* SyncStatusStore.swift in Sources */,
				ABCBF9BA06ABDA6888AE2A33 /* TodayRootView.swift in Sources */,
				BBF2CC842BFE132D5453161D /* TypedRemoteConfig.swift in Sources */,
				7E96476041DEF9706453190D /* WorldRootView.swift in Sources */,
				B14D6A2C129F34B301364A5A /* WorldScene.swift in Sources */,
			);
			runOnlyForDeploymentPostprocessing = 0;
		};
		B9A1AAE6BFCEA65F614C2AC1 /* Sources */ = {
			isa = PBXSourcesBuildPhase;
			buildActionMask = 2147483647;
			files = (
				7BF94F5EAB58322A47F471A1 /* AevoraWidgetsBundle.swift in Sources */,
				DB785B2138F826B5026A3527 /* GlanceSurfaceModels.swift in Sources */,
			);
			runOnlyForDeploymentPostprocessing = 0;
		};
		E3CCAA80DBA9015F3E97C64E /* Sources */ = {
			isa = PBXSourcesBuildPhase;
			buildActionMask = 2147483647;
			files = (
				D9E65EB570B430270E70B113 /* APIClientTests.swift in Sources */,
				EC7DDFA25AF38C49AA4808C4 /* AccountSurfaceStoreTests.swift in Sources */,
				D23F54F8D5BB3A4AE2E773E3 /* AnalyticsTests.swift in Sources */,
				1BF426C29DEFD8EDDEA6E346 /* AppNavigationTests.swift in Sources */,
				07BD3077D7F3E7B37F935E66 /* AssetRenderableViewTests.swift in Sources */,
				77B476914B33776A5DCC143A /* AssetRuntimeTests.swift in Sources */,
				4FD5EEE78F87993A6A0053C3 /* AssetSurfaceContractTests.swift in Sources */,
				8E3AA39160A6414F342B650B /* AvatarSurfaceContractTests.swift in Sources */,
				A7DBCAE005998950F532E70D /* DateFormatter+AevoraTest.swift in Sources */,
				0A22D8C5739AEF63A13FE81A /* DebugTests.swift in Sources */,
				F4CBA2683824CE2B1D47CE93 /* FirstPlayableStoreTests.swift in Sources */,
				FB3F1C99AEE9F50481A34300 /* GlanceSurfaceModels.swift in Sources */,
				1F78488C846C288AC2C58DF4 /* ObservabilityTests.swift in Sources */,
				F3996C8D56B08998FE6D6256 /* OnboardingRootViewTests.swift in Sources */,
				81F73782B691B15E6D511085 /* PersistenceTests.swift in Sources */,
				B757E5C2BCE944290314D3F9 /* RemoteConfigClientTests.swift in Sources */,
				9B9BA7B56C5550372DE4BAE2 /* StatusTests.swift in Sources */,
				559040FBFB03CDD3C99B7B7C /* SyncTests.swift in Sources */,
				7890B3E035112B82D94DAF36 /* XCTestCase+AevoraAsync.swift in Sources */,
			);
			runOnlyForDeploymentPostprocessing = 0;
		};
/* End PBXSourcesBuildPhase section */

/* Begin PBXTargetDependency section */
		4276BFB6A6572743FF149489 /* PBXTargetDependency */ = {
			isa = PBXTargetDependency;
			target = 21037C5810A9A10615C1FA8E /* AevoraWidgets */;
			targetProxy = FA02322CD8E2F5360B7821B4 /* PBXContainerItemProxy */;
		};
		F1FEE06D5B87C684CE3244BA /* PBXTargetDependency */ = {
			isa = PBXTargetDependency;
			target = DE6FA7DF67B723962DF01CC5 /* Aevora */;
			targetProxy = 9BCDD2AB3A7B437E068B75A2 /* PBXContainerItemProxy */;
		};
/* End PBXTargetDependency section */

/* Begin XCBuildConfiguration section */
		096F4C8FD903CB2C73F5128A /* Release */ = {
			isa = XCBuildConfiguration;
			buildSettings = {
				BUNDLE_LOADER = "$(TEST_HOST)";
				GENERATE_INFOPLIST_FILE = YES;
				IPHONEOS_DEPLOYMENT_TARGET = 18.0;
				LD_RUNPATH_SEARCH_PATHS = (
					"$(inherited)",
					"@executable_path/Frameworks",
					"@loader_path/Frameworks",
				);
				PRODUCT_BUNDLE_IDENTIFIER = com.aevora.appTests;
				SDKROOT = iphoneos;
				TARGETED_DEVICE_FAMILY = "1,2";
				TEST_HOST = "$(BUILT_PRODUCTS_DIR)/Aevora.app/Aevora";
			};
			name = Release;
		};
		157281ECB5B0EA3FD08F239F /* Release */ = {
			isa = XCBuildConfiguration;
			buildSettings = {
				ASSETCATALOG_COMPILER_APPICON_NAME = AppIcon;
				CODE_SIGN_ENTITLEMENTS = Aevora/Aevora.entitlements;
				CODE_SIGN_IDENTITY = "iPhone Developer";
				GENERATE_INFOPLIST_FILE = YES;
				INFOPLIST_KEY_CFBundleDisplayName = Aevora;
				INFOPLIST_KEY_CFBundleURLTypes = "[[\"CFBundleTypeRole\": \"Editor\", \"CFBundleURLSchemes\": [\"aevora\"]]]";
				INFOPLIST_KEY_UIApplicationSupportsIndirectInputEvents = YES;
				INFOPLIST_KEY_UISupportedInterfaceOrientations_iPhone = (
					UIInterfaceOrientationPortrait,
				);
				IPHONEOS_DEPLOYMENT_TARGET = 18.0;
				LD_RUNPATH_SEARCH_PATHS = (
					"$(inherited)",
					"@executable_path/Frameworks",
				);
				PRODUCT_BUNDLE_IDENTIFIER = com.aevora.app;
				PRODUCT_NAME = Aevora;
				SDKROOT = iphoneos;
				TARGETED_DEVICE_FAMILY = "1,2";
			};
			name = Release;
		};
		1C1B9EBBF55F443CB8C0C17E /* Debug */ = {
			isa = XCBuildConfiguration;
			buildSettings = {
				ASSETCATALOG_COMPILER_APPICON_NAME = AppIcon;
				CODE_SIGN_ENTITLEMENTS = Aevora/Aevora.entitlements;
				CODE_SIGN_IDENTITY = "iPhone Developer";
				GENERATE_INFOPLIST_FILE = YES;
				INFOPLIST_KEY_CFBundleDisplayName = Aevora;
				INFOPLIST_KEY_CFBundleURLTypes = "[[\"CFBundleTypeRole\": \"Editor\", \"CFBundleURLSchemes\": [\"aevora\"]]]";
				INFOPLIST_KEY_UIApplicationSupportsIndirectInputEvents = YES;
				INFOPLIST_KEY_UISupportedInterfaceOrientations_iPhone = (
					UIInterfaceOrientationPortrait,
				);
				IPHONEOS_DEPLOYMENT_TARGET = 18.0;
				LD_RUNPATH_SEARCH_PATHS = (
					"$(inherited)",
					"@executable_path/Frameworks",
				);
				PRODUCT_BUNDLE_IDENTIFIER = com.aevora.app;
				PRODUCT_NAME = Aevora;
				SDKROOT = iphoneos;
				TARGETED_DEVICE_FAMILY = "1,2";
			};
			name = Debug;
		};
		63D1503BECE697CD5D68C705 /* Debug */ = {
			isa = XCBuildConfiguration;
			buildSettings = {
				ALWAYS_SEARCH_USER_PATHS = NO;
				CLANG_ANALYZER_NONNULL = YES;
				CLANG_ANALYZER_NUMBER_OBJECT_CONVERSION = YES_AGGRESSIVE;
				CLANG_CXX_LANGUAGE_STANDARD = "gnu++14";
				CLANG_CXX_LIBRARY = "libc++";
				CLANG_ENABLE_MODULES = YES;
				CLANG_ENABLE_OBJC_ARC = YES;
				CLANG_ENABLE_OBJC_WEAK = YES;
				CLANG_WARN_BLOCK_CAPTURE_AUTORELEASING = YES;
				CLANG_WARN_BOOL_CONVERSION = YES;
				CLANG_WARN_COMMA = YES;
				CLANG_WARN_CONSTANT_CONVERSION = YES;
				CLANG_WARN_DEPRECATED_OBJC_IMPLEMENTATIONS = YES;
				CLANG_WARN_DIRECT_OBJC_ISA_USAGE = YES_ERROR;
				CLANG_WARN_DOCUMENTATION_COMMENTS = YES;
				CLANG_WARN_EMPTY_BODY = YES;
				CLANG_WARN_ENUM_CONVERSION = YES;
				CLANG_WARN_INFINITE_RECURSION = YES;
				CLANG_WARN_INT_CONVERSION = YES;
				CLANG_WARN_NON_LITERAL_NULL_CONVERSION = YES;
				CLANG_WARN_OBJC_IMPLICIT_RETAIN_SELF = YES;
				CLANG_WARN_OBJC_LITERAL_CONVERSION = YES;
				CLANG_WARN_OBJC_ROOT_CLASS = YES_ERROR;
				CLANG_WARN_QUOTED_INCLUDE_IN_FRAMEWORK_HEADER = YES;
				CLANG_WARN_RANGE_LOOP_ANALYSIS = YES;
				CLANG_WARN_STRICT_PROTOTYPES = YES;
				CLANG_WARN_SUSPICIOUS_MOVE = YES;
				CLANG_WARN_UNGUARDED_AVAILABILITY = YES_AGGRESSIVE;
				CLANG_WARN_UNREACHABLE_CODE = YES;
				CLANG_WARN__DUPLICATE_METHOD_MATCH = YES;
				COPY_PHASE_STRIP = NO;
				CURRENT_PROJECT_VERSION = 1;
				DEBUG_INFORMATION_FORMAT = dwarf;
				ENABLE_STRICT_OBJC_MSGSEND = YES;
				ENABLE_TESTABILITY = YES;
				GCC_C_LANGUAGE_STANDARD = gnu11;
				GCC_DYNAMIC_NO_PIC = NO;
				GCC_NO_COMMON_BLOCKS = YES;
				GCC_OPTIMIZATION_LEVEL = 0;
				GCC_PREPROCESSOR_DEFINITIONS = (
					"$(inherited)",
					"DEBUG=1",
				);
				GCC_WARN_64_TO_32_BIT_CONVERSION = YES;
				GCC_WARN_ABOUT_RETURN_TYPE = YES_ERROR;
				GCC_WARN_UNDECLARED_SELECTOR = YES;
				GCC_WARN_UNINITIALIZED_AUTOS = YES_AGGRESSIVE;
				GCC_WARN_UNUSED_FUNCTION = YES;
				GCC_WARN_UNUSED_VARIABLE = YES;
				MARKETING_VERSION = 1.0;
				MTL_ENABLE_DEBUG_INFO = INCLUDE_SOURCE;
				MTL_FAST_MATH = YES;
				ONLY_ACTIVE_ARCH = YES;
				PRODUCT_NAME = "$(TARGET_NAME)";
				SDKROOT = iphoneos;
				SUPPORTS_MACCATALYST = NO;
				SWIFT_ACTIVE_COMPILATION_CONDITIONS = DEBUG;
				SWIFT_OPTIMIZATION_LEVEL = "-Onone";
				SWIFT_VERSION = 6.0;
				TARGETED_DEVICE_FAMILY = 1;
			};
			name = Debug;
		};
		A4FA757B5C9CED975BD0DD48 /* Release */ = {
			isa = XCBuildConfiguration;
			buildSettings = {
				ALWAYS_SEARCH_USER_PATHS = NO;
				CLANG_ANALYZER_NONNULL = YES;
				CLANG_ANALYZER_NUMBER_OBJECT_CONVERSION = YES_AGGRESSIVE;
				CLANG_CXX_LANGUAGE_STANDARD = "gnu++14";
				CLANG_CXX_LIBRARY = "libc++";
				CLANG_ENABLE_MODULES = YES;
				CLANG_ENABLE_OBJC_ARC = YES;
				CLANG_ENABLE_OBJC_WEAK = YES;
				CLANG_WARN_BLOCK_CAPTURE_AUTORELEASING = YES;
				CLANG_WARN_BOOL_CONVERSION = YES;
				CLANG_WARN_COMMA = YES;
				CLANG_WARN_CONSTANT_CONVERSION = YES;
				CLANG_WARN_DEPRECATED_OBJC_IMPLEMENTATIONS = YES;
				CLANG_WARN_DIRECT_OBJC_ISA_USAGE = YES_ERROR;
				CLANG_WARN_DOCUMENTATION_COMMENTS = YES;
				CLANG_WARN_EMPTY_BODY = YES;
				CLANG_WARN_ENUM_CONVERSION = YES;
				CLANG_WARN_INFINITE_RECURSION = YES;
				CLANG_WARN_INT_CONVERSION = YES;
				CLANG_WARN_NON_LITERAL_NULL_CONVERSION = YES;
				CLANG_WARN_OBJC_IMPLICIT_RETAIN_SELF = YES;
				CLANG_WARN_OBJC_LITERAL_CONVERSION = YES;
				CLANG_WARN_OBJC_ROOT_CLASS = YES_ERROR;
				CLANG_WARN_QUOTED_INCLUDE_IN_FRAMEWORK_HEADER = YES;
				CLANG_WARN_RANGE_LOOP_ANALYSIS = YES;
				CLANG_WARN_STRICT_PROTOTYPES = YES;
				CLANG_WARN_SUSPICIOUS_MOVE = YES;
				CLANG_WARN_UNGUARDED_AVAILABILITY = YES_AGGRESSIVE;
				CLANG_WARN_UNREACHABLE_CODE = YES;
				CLANG_WARN__DUPLICATE_METHOD_MATCH = YES;
				COPY_PHASE_STRIP = NO;
				CURRENT_PROJECT_VERSION = 1;
				DEBUG_INFORMATION_FORMAT = "dwarf-with-dsym";
				ENABLE_NS_ASSERTIONS = NO;
				ENABLE_STRICT_OBJC_MSGSEND = YES;
				GCC_C_LANGUAGE_STANDARD = gnu11;
				GCC_NO_COMMON_BLOCKS = YES;
				GCC_WARN_64_TO_32_BIT_CONVERSION = YES;
				GCC_WARN_ABOUT_RETURN_TYPE = YES_ERROR;
				GCC_WARN_UNDECLARED_SELECTOR = YES;
				GCC_WARN_UNINITIALIZED_AUTOS = YES_AGGRESSIVE;
				GCC_WARN_UNUSED_FUNCTION = YES;
				GCC_WARN_UNUSED_VARIABLE = YES;
				MARKETING_VERSION = 1.0;
				MTL_ENABLE_DEBUG_INFO = NO;
				MTL_FAST_MATH = YES;
				PRODUCT_NAME = "$(TARGET_NAME)";
				SDKROOT = iphoneos;
				SUPPORTS_MACCATALYST = NO;
				SWIFT_COMPILATION_MODE = wholemodule;
				SWIFT_OPTIMIZATION_LEVEL = "-O";
				SWIFT_VERSION = 6.0;
				TARGETED_DEVICE_FAMILY = 1;
			};
			name = Release;
		};
		BEBA763B7760D82DBD35B62E /* Debug */ = {
			isa = XCBuildConfiguration;
			buildSettings = {
				BUNDLE_LOADER = "$(TEST_HOST)";
				GENERATE_INFOPLIST_FILE = YES;
				IPHONEOS_DEPLOYMENT_TARGET = 18.0;
				LD_RUNPATH_SEARCH_PATHS = (
					"$(inherited)",
					"@executable_path/Frameworks",
					"@loader_path/Frameworks",
				);
				PRODUCT_BUNDLE_IDENTIFIER = com.aevora.appTests;
				SDKROOT = iphoneos;
				TARGETED_DEVICE_FAMILY = "1,2";
				TEST_HOST = "$(BUILT_PRODUCTS_DIR)/Aevora.app/Aevora";
			};
			name = Debug;
		};
		C3518940C645786032172AC5 /* Release */ = {
			isa = XCBuildConfiguration;
			buildSettings = {
				APPLICATION_EXTENSION_API_ONLY = YES;
				CODE_SIGN_ENTITLEMENTS = AevoraWidgets/AevoraWidgets.entitlements;
				GENERATE_INFOPLIST_FILE = NO;
				INFOPLIST_FILE = AevoraWidgets/Info.plist;
				IPHONEOS_DEPLOYMENT_TARGET = 18.0;
				LD_RUNPATH_SEARCH_PATHS = (
					"$(inherited)",
					"@executable_path/Frameworks",
					"@executable_path/../../Frameworks",
				);
				PRODUCT_BUNDLE_IDENTIFIER = com.aevora.app.widgets;
				PRODUCT_NAME = AevoraWidgets;
				SDKROOT = iphoneos;
				SKIP_INSTALL = NO;
				TARGETED_DEVICE_FAMILY = "1,2";
			};
			name = Release;
		};
		C5141E6A3D4011E5CCFA7EEB /* Debug */ = {
			isa = XCBuildConfiguration;
			buildSettings = {
				APPLICATION_EXTENSION_API_ONLY = YES;
				CODE_SIGN_ENTITLEMENTS = AevoraWidgets/AevoraWidgets.entitlements;
				GENERATE_INFOPLIST_FILE = NO;
				INFOPLIST_FILE = AevoraWidgets/Info.plist;
				IPHONEOS_DEPLOYMENT_TARGET = 18.0;
				LD_RUNPATH_SEARCH_PATHS = (
					"$(inherited)",
					"@executable_path/Frameworks",
					"@executable_path/../../Frameworks",
				);
				PRODUCT_BUNDLE_IDENTIFIER = com.aevora.app.widgets;
				PRODUCT_NAME = AevoraWidgets;
				SDKROOT = iphoneos;
				SKIP_INSTALL = NO;
				TARGETED_DEVICE_FAMILY = "1,2";
			};
			name = Debug;
		};
/* End XCBuildConfiguration section */

/* Begin XCConfigurationList section */
		2F2282CED1C9FE5D2E573275 /* Build configuration list for PBXNativeTarget "Aevora" */ = {
			isa = XCConfigurationList;
			buildConfigurations = (
				1C1B9EBBF55F443CB8C0C17E /* Debug */,
				157281ECB5B0EA3FD08F239F /* Release */,
			);
			defaultConfigurationIsVisible = 0;
			defaultConfigurationName = Debug;
		};
		78FC26D6CEB69F160818A5B4 /* Build configuration list for PBXProject "Aevora" */ = {
			isa = XCConfigurationList;
			buildConfigurations = (
				63D1503BECE697CD5D68C705 /* Debug */,
				A4FA757B5C9CED975BD0DD48 /* Release */,
			);
			defaultConfigurationIsVisible = 0;
			defaultConfigurationName = Debug;
		};
		86F77B841EB865EF569FFAAE /* Build configuration list for PBXNativeTarget "AevoraWidgets" */ = {
			isa = XCConfigurationList;
			buildConfigurations = (
				C5141E6A3D4011E5CCFA7EEB /* Debug */,
				C3518940C645786032172AC5 /* Release */,
			);
			defaultConfigurationIsVisible = 0;
			defaultConfigurationName = Debug;
		};
		B492116213C49E7E40F54EBF /* Build configuration list for PBXNativeTarget "AevoraTests" */ = {
			isa = XCConfigurationList;
			buildConfigurations = (
				BEBA763B7760D82DBD35B62E /* Debug */,
				096F4C8FD903CB2C73F5128A /* Release */,
			);
			defaultConfigurationIsVisible = 0;
			defaultConfigurationName = Debug;
		};
/* End XCConfigurationList section */
	};
	rootObject = 68D64F45274B13447BD4A818 /* Project object */;
}
